{
  "name": "igniteui-angular-wrappers",
  "version": "0.0.1",
  "lockfileVersion": 1,
  "requires": true,
  "dependencies": {
    "@types/ignite-ui": {
      "version": "18.2.0",
      "resolved": "https://registry.npmjs.org/@types/ignite-ui/-/ignite-ui-18.2.0.tgz",
      "integrity": "sha512-7BeENy7WMqejtbyJySJIaX3aGRIW5YffsnKwjr5hNxku/7WXx7KxhpSflMrHETu8SZ0dPTYFvjj+pqsAYoubxg=="
    },
    "@types/jquery": {
      "version": "2.0.47",
      "resolved": "https://registry.npmjs.org/@types/jquery/-/jquery-2.0.47.tgz",
      "integrity": "sha512-5bidBzyNZ5euxwRjN0UsGsnmCXb6yuNAQkJceJ00Qq7uVLAZ442gJ2I0h56wGfRpIcZyY2wPV103Zq9IMnkjkg=="
    }
  }
}
